github.com/charlienet/gadget/broker v0.0.0-20240926163905-74c126395905 h1:l4VFw31v7lTD+p4/ayeqp6pSHBSM297k4IEzkgDwYpA=
github.com/charlienet/gadget/broker v0.0.0-20240926163905-74c126395905/go.mod h1:Qpgyi7cEcQ3KcVTC2nTRKpJoPgilsqvipRnKj8BL3EQ=
github.com/rabbitmq/amqp091-go v1.10.0 h1:STpn5XsHlHGcecLmMFCtg7mqq0RnD+zFr4uzukfVhBw=
github.com/rabbitmq/amqp091-go v1.10.0/go.mod h1:Hy4jKW5kQART1u+JkDTF9YYOQUHXqMuhrgxOEeS7G4o=
go.uber.org/goleak v1.3.0 h1:2K3zAYmnTNqV73imy9J1T3WC+gmCePx2hEGkimedGto=
go.uber.org/goleak v1.3.0/go.mod h1:CoHD4mav9JJNrW/WLlf7HGZPjdw8EucARQHekz1X6bE=
